
Microsoft Visual Studio Solution File, Format Version 12.00
# Visual Studio Version 17
VisualStudioVersion = 17.8.34316.72
MinimumVisualStudioVersion = 10.0.40219.1
Project("{FAE04EC0-301F-11D3-BF4B-00C04F79EFBC}") = "TodoApi", "TodoApi\TodoApi.csproj", "{45348937-2A64-4A30-9995-AC48C7ED4BB8}"
EndProject
Global
	GlobalSection(SolutionConfigurationPlatforms) = preSolution
		Debug|Any CPU = Debug|Any CPU
		Release|Any CPU = Release|Any CPU
	EndGlobalSection
	GlobalSection(ProjectConfigurationPlatforms) = postSolution
		{45348937-2A64-4A30-9995-AC48C7ED4BB8}.Debug|Any CPU.ActiveCfg = Debug|Any CPU
		{45348937-2A64-4A30-9995-AC48C7ED4BB8}.Debug|Any CPU.Build.0 = Debug|Any CPU
		{45348937-2A64-4A30-9995-AC48C7ED4BB8}.Release|Any CPU.ActiveCfg = Release|Any CPU
		{45348937-2A64-4A30-9995-AC48C7ED4BB8}.Release|Any CPU.Build.0 = Release|Any CPU
	EndGlobalSection
	GlobalSection(SolutionProperties) = preSolution
		HideSolutionNode = FALSE
	EndGlobalSection
	GlobalSection(ExtensibilityGlobals) = postSolution
		SolutionGuid = {65E935B6-42B1-4AF8-949B-6A018A99B0F7}
	EndGlobalSection
EndGlobal
